
Microsoft Visual Studio Solution File, Format Version 12.00
# Visual Studio 15
VisualStudioVersion = 15.0.26124.0
MinimumVisualStudioVersion = 15.0.26124.0
Project("{FAE04EC0-301F-11D3-BF4B-00C04F79EFBC}") = "nukebug", "src\nukebug.csproj", "{1D05DAB1-9D72-4C0C-A75A-F1144E436409}"
EndProject
Project("{9A19103F-16F7-4668-BE54-9A1E7A4F7556}") = "_build", "build\_build.csproj", "{8809323A-1ECD-49DC-9883-F6B3D0C6DA65}"
EndProject
Global
	GlobalSection(SolutionConfigurationPlatforms) = preSolution
		Debug|Any CPU = Debug|Any CPU
		Debug|x64 = Debug|x64
		Debug|x86 = Debug|x86
		Release|Any CPU = Release|Any CPU
		Release|x64 = Release|x64
		Release|x86 = Release|x86
	EndGlobalSection
	GlobalSection(SolutionProperties) = preSolution
		HideSolutionNode = FALSE
	EndGlobalSection
	GlobalSection(ProjectConfigurationPlatforms) = postSolution
		{8809323A-1ECD-49DC-9883-F6B3D0C6DA65}.Debug|Any CPU.ActiveCfg = Debug|Any CPU
		{8809323A-1ECD-49DC-9883-F6B3D0C6DA65}.Release|Any CPU.ActiveCfg = Release|Any CPU
		{1D05DAB1-9D72-4C0C-A75A-F1144E436409}.Debug|Any CPU.ActiveCfg = Debug|Any CPU
		{1D05DAB1-9D72-4C0C-A75A-F1144E436409}.Debug|Any CPU.Build.0 = Debug|Any CPU
	EndGlobalSection
EndGlobal
